# This file is automatically @generated by Poetry 1.6.1 and should not be changed by hand.

[[package]]
name = "numpy"
version = "1.26.4"
description = "Fundamental package for array computing in Python"
optional = false
python-versions = ">=3.9"
files = [
    {file = "numpy-1.26.4-cp310-cp310-macosx_10_9_x86_64.whl", hash = "sha256:9ff0f4f29c51e2803569d7a51c2304de5554655a60c5d776e35b4a41413830d0"},
    {file = "numpy-1.26.4-cp310-cp310-macosx_11_0_arm64.whl", hash = "sha256:2e4ee3380d6de9c9ec04745830fd9e2eccb3e6cf790d39d7b98ffd19b0dd754a"},
    {file = "numpy-1.26.4-cp310-cp310-manylinux_2_17_aarch64.manylinux2014_aarch64.whl", hash = "sha256:d209d8969599b27ad20994c8e41936ee0964e6da07478d6c35016bc386b66ad4"},
    {file = "numpy-1.26.4-cp310-cp310-manylinux_2_17_x86_64.manylinux2014_x86_64.whl", hash = "sha256:ffa75af20b44f8dba823498024771d5ac50620e6915abac414251bd971b4529f"},
    {file = "numpy-1.26.4-cp310-cp310-musllinux_1_1_aarch64.whl", hash = "sha256:62b8e4b1e28009ef2846b4c7852046736bab361f7aeadeb6a5b89ebec3c7055a"},
    {file = "numpy-1.26.4-cp310-cp310-musllinux_1_1_x86_64.whl", hash = "sha256:a4abb4f9001ad2858e7ac189089c42178fcce737e4169dc61321660f1a96c7d2"},
    {file = "numpy-1.26.4-cp310-cp310-win32.whl", hash = "sha256:bfe25acf8b437eb2a8b2d49d443800a5f18508cd811fea3181723922a8a82b07"},
    {file = "numpy-1.26.4-cp310-cp310-win_amd64.whl", hash = "sha256:b97fe8060236edf3662adfc2c633f56a08ae30560c56310562cb4f95500022d5"},
    {file = "numpy-1.26.4-cp311-cp311-macosx_10_9_x86_64.whl", hash = "sha256:4c66707fabe114439db9068ee468c26bbdf909cac0fb58686a42a24de1760c71"},
    {file = "numpy-1.26.4-cp311-cp311-macosx_11_0_arm64.whl", hash = "sha256:edd8b5fe47dab091176d21bb6de568acdd906d1887a4584a15a9a96a1dca06ef"},
    {file = "numpy-1.26.4-cp311-cp311-manylinux_2_17_aarch64.manylinux2014_aarch64.whl", hash = "sha256:7ab55401287bfec946ced39700c053796e7cc0e3acbef09993a9ad2adba6ca6e"},
    {file = "numpy-1.26.4-cp311-cp311-manylinux_2_17_x86_64.manylinux2014_x86_64.whl", hash = "sha256:666dbfb6ec68962c033a450943ded891bed2d54e6755e35e5835d63f4f6931d5"},
    {file = "numpy-1.26.4-cp311-cp311-musllinux_1_1_aarch64.whl", hash = "sha256:96ff0b2ad353d8f990b63294c8986f1ec3cb19d749234014f4e7eb0112ceba5a"},
    {file = "numpy-1.26.4-cp311-cp311-musllinux_1_1_x86_64.whl", hash = "sha256:60dedbb91afcbfdc9bc0b1f3f402804070deed7392c23eb7a7f07fa857868e8a"},
    {file = "numpy-1.26.4-cp311-cp311-win32.whl", hash = "sha256:1af303d6b2210eb850fcf03064d364652b7120803a0b872f5211f5234b399f20"},
    {file = "numpy-1.26.4-cp311-cp311-win_amd64.whl", hash = "sha256:cd25bcecc4974d09257ffcd1f098ee778f7834c3ad767fe5db785be9a4aa9cb2"},
    {file = "numpy-1.26.4-cp312-cp312-macosx_10_9_x86_64.whl", hash = "sha256:b3ce300f3644fb06443ee2222c2201dd3a89ea6040541412b8fa189341847218"},
    {file = "numpy-1.26.4-cp312-cp312-macosx_11_0_arm64.whl", hash = "sha256:03a8c78d01d9781b28a6989f6fa1bb2c4f2d51201cf99d3dd875df6fbd96b23b"},
    {file = "numpy-1.26.4-cp312-cp312-manylinux_2_17_aarch64.manylinux2014_aarch64.whl", hash = "sha256:9fad7dcb1aac3c7f0584a5a8133e3a43eeb2fe127f47e3632d43d677c66c102b"},
    {file = "numpy-1.26.4-cp312-cp312-manylinux_2_17_x86_64.manylinux2014_x86_64.whl", hash = "sha256:675d61ffbfa78604709862923189bad94014bef562cc35cf61d3a07bba02a7ed"},
    {file = "numpy-1.26.4-cp312-cp312-musllinux_1_1_aarch64.whl", hash = "sha256:ab47dbe5cc8210f55aa58e4805fe224dac469cde56b9f731a4c098b91917159a"},
    {file = "numpy-1.26.4-cp312-cp312-musllinux_1_1_x86_64.whl", hash = "sha256:1dda2e7b4ec9dd512f84935c5f126c8bd8b9f2fc001e9f54af255e8c5f16b0e0"},
    {file = "numpy-1.26.4-cp312-cp312-win32.whl", hash = "sha256:50193e430acfc1346175fcbdaa28ffec49947a06918b7b92130744e81e640110"},
    {file = "numpy-1.26.4-cp312-cp312-win_amd64.whl", hash = "sha256:08beddf13648eb95f8d867350f6a018a4be2e5ad54c8d8caed89ebca558b2818"},
    {file = "numpy-1.26.4-cp39-cp39-macosx_10_9_x86_64.whl", hash = "sha256:7349ab0fa0c429c82442a27a9673fc802ffdb7c7775fad780226cb234965e53c"},
    {file = "numpy-1.26.4-cp39-cp39-macosx_11_0_arm64.whl", hash = "sha256:52b8b60467cd7dd1e9ed082188b4e6bb35aa5cdd01777621a1658910745b90be"},
    {file = "numpy-1.26.4-cp39-cp39-manylinux_2_17_aarch64.manylinux2014_aarch64.whl", hash = "sha256:d5241e0a80d808d70546c697135da2c613f30e28251ff8307eb72ba696945764"},
    {file = "numpy-1.26.4-cp39-cp39-manylinux_2_17_x86_64.manylinux2014_x86_64.whl", hash = "sha256:f870204a840a60da0b12273ef34f7051e98c3b5961b61b0c2c1be6dfd64fbcd3"},
    {file = "numpy-1.26.4-cp39-cp39-musllinux_1_1_aarch64.whl", hash = "sha256:679b0076f67ecc0138fd2ede3a8fd196dddc2ad3254069bcb9faf9a79b1cebcd"},
    {file = "numpy-1.26.4-cp39-cp39-musllinux_1_1_x86_64.whl", hash = "sha256:47711010ad8555514b434df65f7d7b076bb8261df1ca9bb78f53d3b2db02e95c"},
    {file = "numpy-1.26.4-cp39-cp39-win32.whl", hash = "sha256:a354325ee03388678242a4d7ebcd08b5c727033fcff3b2f536aea978e15ee9e6"},
    {file = "numpy-1.26.4-cp39-cp39-win_amd64.whl", hash = "sha256:3373d5d70a5fe74a2c1bb6d2cfd9609ecf686d47a2d7b1d37a8f3b6bf6003aea"},
    {file = "numpy-1.26.4-pp39-pypy39_pp73-macosx_10_9_x86_64.whl", hash = "sha256:afedb719a9dcfc7eaf2287b839d8198e06dcd4cb5d276a3df279231138e83d30"},
    {file = "numpy-1.26.4-pp39-pypy39_pp73-manylinux_2_17_x86_64.manylinux2014_x86_64.whl", hash = "sha256:95a7476c59002f2f6c590b9b7b998306fba6a5aa646b1e22ddfeaf8f78c3a29c"},
    {file = "numpy-1.26.4-pp39-pypy39_pp73-win_amd64.whl", hash = "sha256:7e50d0a0cc3189f9cb0aeb3a6a6af18c16f59f004b866cd2be1c14b36134a4a0"},
    {file = "numpy-1.26.4.tar.gz", hash = "sha256:2a02aba9ed12e4ac4eb3ea9421c420301a0c6460d9830d74a9df87efa4912010"},
]

[[package]]
name = "opencv-python"
version = "4.9.0.80"
description = "Wrapper package for OpenCV python bindings."
optional = false
python-versions = ">=3.6"
files = [
    {file = "opencv-python-4.9.0.80.tar.gz", hash = "sha256:1a9f0e6267de3a1a1db0c54213d022c7c8b5b9ca4b580e80bdc58516c922c9e1"},
    {file = "opencv_python-4.9.0.80-cp37-abi3-macosx_10_16_x86_64.whl", hash = "sha256:7e5f7aa4486651a6ebfa8ed4b594b65bd2d2f41beeb4241a3e4b1b85acbbbadb"},
    {file = "opencv_python-4.9.0.80-cp37-abi3-macosx_11_0_arm64.whl", hash = "sha256:71dfb9555ccccdd77305fc3dcca5897fbf0cf28b297c51ee55e079c065d812a3"},
    {file = "opencv_python-4.9.0.80-cp37-abi3-manylinux_2_17_aarch64.manylinux2014_aarch64.whl", hash = "sha256:7b34a52e9da36dda8c151c6394aed602e4b17fa041df0b9f5b93ae10b0fcca2a"},
    {file = "opencv_python-4.9.0.80-cp37-abi3-manylinux_2_17_x86_64.manylinux2014_x86_64.whl", hash = "sha256:e4088cab82b66a3b37ffc452976b14a3c599269c247895ae9ceb4066d8188a57"},
    {file = "opencv_python-4.9.0.80-cp37-abi3-win32.whl", hash = "sha256:dcf000c36dd1651118a2462257e3a9e76db789a78432e1f303c7bac54f63ef6c"},
    {file = "opencv_python-4.9.0.80-cp37-abi3-win_amd64.whl", hash = "sha256:3f16f08e02b2a2da44259c7cc712e779eff1dd8b55fdb0323e8cab09548086c0"},
]

[package.dependencies]
numpy = [
    {version = ">=1.26.0", markers = "python_version >= \"3.12\""},
    {version = ">=1.23.5", markers = "python_version >= \"3.11\" and python_version < \"3.12\""},
    {version = ">=1.21.4", markers = "python_version >= \"3.10\" and platform_system == \"Darwin\" and python_version < \"3.11\""},
    {version = ">=1.21.2", markers = "platform_system != \"Darwin\" and python_version >= \"3.10\" and python_version < \"3.11\""},
]

[[package]]
name = "pyrealsense2"
version = "2.55.1.6486"
description = "Python Wrapper for Intel Realsense SDK 2.0."
optional = false
python-versions = "*"
files = [
    {file = "pyrealsense2-2.55.1.6486-cp310-cp310-manylinux1_x86_64.whl", hash = "sha256:882613808289c602b23f2e19bf1fbadd63fb3af9be9c2997cc4ea74741a65136"},
    {file = "pyrealsense2-2.55.1.6486-cp310-cp310-manylinux2014_aarch64.whl", hash = "sha256:686320811ef30c162c7240cb619e9b152420c0a32337a137139276c87f213336"},
    {file = "pyrealsense2-2.55.1.6486-cp310-cp310-win_amd64.whl", hash = "sha256:600e7c691c7c50043a2c930471f873da33badce9c5b8c75a8bad499389ac10a4"},
    {file = "pyrealsense2-2.55.1.6486-cp311-cp311-manylinux1_x86_64.whl", hash = "sha256:178f92caec6e8e212a7ced66c678dec47462b0b77e929fa576d02eea297bb177"},
    {file = "pyrealsense2-2.55.1.6486-cp311-cp311-win_amd64.whl", hash = "sha256:e01939a63bac3e1a4da742f7e1dbc618a4ec03ee0f7b3690ae5d1ad0c983aca8"},
    {file = "pyrealsense2-2.55.1.6486-cp37-cp37m-manylinux1_x86_64.whl", hash = "sha256:5a40216386b49a520b5817afe97efa9a53471747b765e8b4e6ca549678945c04"},
    {file = "pyrealsense2-2.55.1.6486-cp37-cp37m-manylinux2014_aarch64.whl", hash = "sha256:affb80b0cad7a732db4e450e9d4a8f7193499e3b35c0ce0b3e67fde5b1e9cf64"},
    {file = "pyrealsense2-2.55.1.6486-cp37-cp37m-win_amd64.whl", hash = "sha256:93f81f0955037a325529d93059138e5036fc5e51d5fda4b3c88ae4287fa0b3ed"},
    {file = "pyrealsense2-2.55.1.6486-cp38-cp38-manylinux1_x86_64.whl", hash = "sha256:0f51350ea100215dedc757ea7872ec23342a1d84015e87583911912d882c8ce2"},
    {file = "pyrealsense2-2.55.1.6486-cp38-cp38-manylinux2014_aarch64.whl", hash = "sha256:3695ae04d423d6404db4d0a756c66a0f122f9e0858c91d3dcee132adbef35b62"},
    {file = "pyrealsense2-2.55.1.6486-cp38-cp38-win_amd64.whl", hash = "sha256:f06ea7adadcdcb7d3334b8f067e4f7a361f6421a763988897d52602937c716de"},
    {file = "pyrealsense2-2.55.1.6486-cp39-cp39-manylinux1_x86_64.whl", hash = "sha256:18b5650b1ffcc2c2a42c9f72870d291509afc5819db757f5f365c42a8aae4129"},
    {file = "pyrealsense2-2.55.1.6486-cp39-cp39-manylinux2014_aarch64.whl", hash = "sha256:aac4fb7f9a36ff6ecaa3bf0565f3baa9327b02dd843f14933eece8a4455c6c79"},
    {file = "pyrealsense2-2.55.1.6486-cp39-cp39-win_amd64.whl", hash = "sha256:5cbede3cd35946f3051ae6df42619ea01419c58379533c596bbad5dbf648c25b"},
]

[[package]]
name = "ur-rtde"
version = "1.5.7"
description = "A Python interface for controlling and receiving data from a UR robot using the Real-Time Data Exchange (RTDE) interface of the robot."
optional = false
python-versions = "*"
files = [
    {file = "ur_rtde-1.5.7-cp310-cp310-manylinux_2_17_i686.manylinux2014_i686.whl", hash = "sha256:1f8bd263dc6d1bb4946bfa32fdea53e69feef82229a5c39c3be40af905c8a150"},
    {file = "ur_rtde-1.5.7-cp310-cp310-manylinux_2_17_x86_64.manylinux2014_x86_64.whl", hash = "sha256:fcebf1142c86e0679dbf4406dfa6450eccb1b0cb0e8a4bc07bba180a0f87b703"},
    {file = "ur_rtde-1.5.7-cp310-cp310-win_amd64.whl", hash = "sha256:1e2354ad29e699bb112c1107944db2eebf248b0d9acd88b3822bc9b5e9227fd7"},
    {file = "ur_rtde-1.5.7-cp311-cp311-manylinux_2_17_i686.manylinux2014_i686.whl", hash = "sha256:7529902ce392243dd991324be54351435810155c39678d8146abcc0be5fec470"},
    {file = "ur_rtde-1.5.7-cp311-cp311-manylinux_2_17_x86_64.manylinux2014_x86_64.whl", hash = "sha256:695eab23bed3e97d47a5a078020cb72038b0a16ab3479dec4ded53391d5b7495"},
    {file = "ur_rtde-1.5.7-cp36-cp36m-manylinux_2_17_i686.manylinux2014_i686.whl", hash = "sha256:da76dfbf5c2d68b65b178ab8bd1bb45d82cf223e06f6206a445eb34014d98db7"},
    {file = "ur_rtde-1.5.7-cp36-cp36m-manylinux_2_17_x86_64.manylinux2014_x86_64.whl", hash = "sha256:8cc6f94f319df07e8b7e21a771e82fca6a3e551bf9bce9dd08028233bd84ccee"},
    {file = "ur_rtde-1.5.7-cp36-cp36m-win_amd64.whl", hash = "sha256:64a2394bf26a3ea4ee6e531c092af7130a95350c6b0f85549bb2e4fa7077b5c4"},
    {file = "ur_rtde-1.5.7-cp37-cp37m-manylinux_2_17_i686.manylinux2014_i686.whl", hash = "sha256:45722dd81438b404d6a9c8e367a1b969060d577ab198b066b3f1ade7220c58d9"},
    {file = "ur_rtde-1.5.7-cp37-cp37m-manylinux_2_17_x86_64.manylinux2014_x86_64.whl", hash = "sha256:ef8886e4ea6693c6b91aca9169b77400007c0aa08423ae35a0de62c1933ac661"},
    {file = "ur_rtde-1.5.7-cp37-cp37m-win_amd64.whl", hash = "sha256:387d00c553b704a7ef8caf3a5f79e79c23183f51661295b27b6e7650532f28c0"},
    {file = "ur_rtde-1.5.7-cp38-cp38-manylinux_2_17_i686.manylinux2014_i686.whl", hash = "sha256:35fbf59a5cfbfbef742dfe0481e3c2669de43161bc8651eeb3b7aeeb27ac10bd"},
    {file = "ur_rtde-1.5.7-cp38-cp38-manylinux_2_17_x86_64.manylinux2014_x86_64.whl", hash = "sha256:7eaccddcf8a3a42e40f0f3c7d734d2608450ea6a3a34e3e1b27bc14e4c8c0122"},
    {file = "ur_rtde-1.5.7-cp38-cp38-win_amd64.whl", hash = "sha256:308db46125b21af5ad6f3e24c87853433951e4e1dba340afdc869c724a94bc0f"},
    {file = "ur_rtde-1.5.7-cp39-cp39-manylinux_2_17_i686.manylinux2014_i686.whl", hash = "sha256:f6f447bb45981ae197cf41988bab2e7470a8b2a21c67513caaf837f173d3fdd9"},
    {file = "ur_rtde-1.5.7-cp39-cp39-manylinux_2_17_x86_64.manylinux2014_x86_64.whl", hash = "sha256:ed8cc298a456a8161e64481e2d9166b5bee5e0f46d158b18c8ba100e3f0f9c09"},
    {file = "ur_rtde-1.5.7-cp39-cp39-win_amd64.whl", hash = "sha256:077fef757d2bf7e094d3977dbb8e63e335753938979124f5e058ddb9f9aeaff3"},
    {file = "ur_rtde-1.5.7-pp37-pypy37_pp73-manylinux_2_17_i686.manylinux2014_i686.whl", hash = "sha256:c004cc6e0d41d17e791ce7ed2628a943480df422f37e6cbcf4be15bbf92278c3"},
    {file = "ur_rtde-1.5.7-pp37-pypy37_pp73-manylinux_2_17_x86_64.manylinux2014_x86_64.whl", hash = "sha256:cae85fcc7a78521497eec84b7f14ad0bf6e73c3011147e425c76aea5d159a849"},
    {file = "ur_rtde-1.5.7-pp37-pypy37_pp73-win_amd64.whl", hash = "sha256:fa56a58cfba23f42102e56730e946f310da65e3b5ea4e038380bfed33d57a324"},
    {file = "ur_rtde-1.5.7-pp38-pypy38_pp73-manylinux_2_17_i686.manylinux2014_i686.whl", hash = "sha256:c4fc005e56c49a1c78cde25637e010f7233cc9846a5fb8c0bdfc69ff02ad0770"},
    {file = "ur_rtde-1.5.7-pp38-pypy38_pp73-manylinux_2_17_x86_64.manylinux2014_x86_64.whl", hash = "sha256:6d66af4c8ad0da199469fb3970a64d1fa7cfc979ce56138f0356ec250cf395c0"},
    {file = "ur_rtde-1.5.7-pp38-pypy38_pp73-win_amd64.whl", hash = "sha256:2d230c022ec7ded404ba1e41208327787e81ffcd880fcfc76fff58860add0ca1"},
    {file = "ur_rtde-1.5.7-pp39-pypy39_pp73-manylinux_2_17_i686.manylinux2014_i686.whl", hash = "sha256:38d0ef1c20e04135d6c13f4e59e457dd578464507e9b3a6b728ed830aef2ac09"},
    {file = "ur_rtde-1.5.7-pp39-pypy39_pp73-manylinux_2_17_x86_64.manylinux2014_x86_64.whl", hash = "sha256:5f668e0690e419697ba5558f33e620313e6e64347415fc0115439043db4f5463"},
    {file = "ur_rtde-1.5.7-pp39-pypy39_pp73-win_amd64.whl", hash = "sha256:e351ba9e92b6516c561831b32de277e47fb12e584594d872c01abe1d00cc9604"},
    {file = "ur_rtde-1.5.7.tar.gz", hash = "sha256:a305aa3576d65109ba39e42a5de4e82876d7a1b2af22a7434967717250203ef8"},
]

[metadata]
lock-version = "2.0"
python-versions = "^3.10"
content-hash = "a50fd7cf580a2aebde75c8f28e0f20bcc133c24299eec2d9ce0e85640fa3ec67"
